{
  "version": 1,
  "dependencies": {
    "net10.0": {
      "Goo": {
        "type": "Direct",
        "requested": "[0.7.18, )",
        "resolved": "0.7.18",
        "contentHash": "FmMvYl18EkVsDMcOv3JEQ7dowu0UPYEkhgYuqEXYrtabb1TPsxPZxXjOvCYndEssO849aykreeysE3OfnfqFZA==",
        "dependencies": {
          "Hexa.NET.SDL3": "1.2.17",
          "StbImageSharp": "2.30.16",
          "Unicode.Bidi": "0.3.18"
        }
      },
      "Goo.Animations": {
        "type": "Direct",
        "requested": "[0.2.5, )",
        "resolved": "0.2.5",
        "contentHash": "gAwItAurSa0aK/RSVD/3W+dgMvs2+oMrmGTGPE5cvVUc6isynZi3m63xGxzRBS2sSgbVpIcGKMJCJXkf6PaXqw==",
        "dependencies": {
          "Goo": "[0.7.0, 0.8.0)"
        }
      },
      "Goo.Svg": {
        "type": "Direct",
        "requested": "[0.7.18, )",
        "resolved": "0.7.18",
        "contentHash": "pF08tfjNIXTtUPAN57j59Bm2efsFmAJSPkQVp6PB5jCL6X4RxwSiOiHgsdpBGDLIWO0DPRddnNHlBkcqfzc6cQ==",
        "dependencies": {
          "Goo": "0.7.18"
        }
      },
      "Goo.Widgets": {
        "type": "Direct",
        "requested": "[0.2.13, )",
        "resolved": "0.2.13",
        "contentHash": "zO/aTBXYVt0gG4dc1+pzhHnGmg6TBIe71p0koshfcUwc1wDLCnMVn6KOVl2kywgJBOQbGj/Q6gp0y2bA/FzhSg==",
        "dependencies": {
          "Goo": "0.7.1",
          "Goo.Svg": "0.7.1"
        }
      },
      "Hexa.NET.SDL3": {
        "type": "Transitive",
        "resolved": "1.2.17",
        "contentHash": "575Jg8/VU/D2JumvDmC7xiRDGMO1VPiw75+c4qNebQrAsRnA+XzhgcuoC91ozYaKZT1sqkb+ChySGGV3E/wonw==",
        "dependencies": {
          "HexaGen.Runtime": "1.1.24"
        }
      },
      "HexaGen.Runtime": {
        "type": "Transitive",
        "resolved": "1.1.24",
        "contentHash": "1P5IA09EL514OeKGyJ3mSI5F9MGAId27CoSR0SzVz3Jj6m/7tn/GdONoWEUYacRSc41y+CbR6tVGcZNAldsehA=="
      },
      "StbImageSharp": {
        "type": "Transitive",
        "resolved": "2.30.16",
        "contentHash": "qg1i+NHihXVKLKYacGKrauhSQIGL31eBWcTC4Vc7jnGmBFj87LkRuCdXB5aDZisWMRnB6x2mcfwYXQxMWEG/lw=="
      },
      "Unicode.Bidi": {
        "type": "Transitive",
        "resolved": "0.3.18",
        "contentHash": "HjVMQk+TfHDhRdavpgYS8ulyENYPSRTaViEttoPsHPUHXHk32eEAcv3YSPhTAjxd6h+6CCA+oBJWagDvOfSEZw=="
      }
    }
  }
}